PODS:
  - Alamofire (5.0.0-beta.2)
  - Digger (0.0.5)
  - ZIPFoundation (0.9.8)

DEPENDENCIES:
  - Alamofire (~> 5.0.0-beta.2)
  - Digger
  - ZIPFoundation (~> 0.9)

SPEC REPOS:
  https://github.com/cocoapods/specs.git:
    - Alamofire
    - Digger
    - ZIPFoundation

SPEC CHECKSUMS:
  Alamofire: d1e5493588babe3e7b56ae29e8032942f4de09fe
  Digger: c474bde76a91e0a36f12101c5dfe7e86774b15d3
  ZIPFoundation: b1f07e4409baf1641f3fe5948b2a1c3f5c500cb1

PODFILE CHECKSUM: 092f718ad18b99bc063e74078ebd4eae9cb1c7c9

COCOAPODS: 1.6.0
